{
  "requires": true,
  "lockfileVersion": 1,
  "dependencies": {
    "swiper": {
      "version": "10.3.1",
      "resolved": "https://registry.npmjs.org/swiper/-/swiper-10.3.1.tgz",
      "integrity": "sha512-24Wk3YUdZHxjc9faID97GTu6xnLNia+adMt6qMTZG/HgdSUt4fS0REsGUXJOgpTED0Amh/j+gRGQxsLayJUlBQ=="
    }
  }
}
